<?xml version="1.0" encoding="utf-8"?>
<Project ToolsVersion="4.0" xmlns="http://schemas.microsoft.com/developer/msbuild/2003">
  <ItemGroup>
    <Filter Include="Source Files">
      <UniqueIdentifier>{4FC737F1-C7A5-4376-A066-2A32D752A2FF}</UniqueIdentifier>
      <Extensions>cpp;c;cc;cxx;def;odl;idl;hpj;bat;asm;asmx</Extensions>
    </Filter>
    <Filter Include="Header Files">
      <UniqueIdentifier>{93995380-89BD-4b04-88EB-625FBE52EBFB}</UniqueIdentifier>
      <Extensions>h;hh;hpp;hxx;hm;inl;inc;xsd</Extensions>
    </Filter>
    <Filter Include="Resource Files">
      <UniqueIdentifier>{D9D6E242-F8AF-46E4-B9FD-80ECBC20BA3E}</UniqueIdentifier>
      <Extensions>qrc;*</Extensions>
      <ParseFiles>false</ParseFiles>
    </Filter>
    <Filter Include="Description Files">
      <UniqueIdentifier>{4d4f729f-a411-4202-aca7-256fb6980162}</UniqueIdentifier>
    </Filter>
    <Filter Include="Header Files\gamemode">
      <UniqueIdentifier>{460a4586-a6c8-49c6-8177-5f81d695bf1b}</UniqueIdentifier>
    </Filter>
    <Filter Include="Source Files\gamemode">
      <UniqueIdentifier>{a4c6470b-0ec5-4cc7-8628-c1475f3832c7}</UniqueIdentifier>
    </Filter>
    <Filter Include="python Files">
      <UniqueIdentifier>{40444369-acbc-4751-b6f5-9f9226964a06}</UniqueIdentifier>
    </Filter>
  </ItemGroup>
  <ItemGroup>
    <QtMoc Include="mainWidget.h">
      <Filter>Header Files</Filter>
    </QtMoc>
    <ClCompile Include="mainWidget.cpp">
      <Filter>Source Files</Filter>
    </ClCompile>
    <QtMoc Include="gamemodeBase.h">
      <Filter>Header Files\gamemode</Filter>
    </QtMoc>
    <QtMoc Include="fallingMode.h">
      <Filter>Header Files\gamemode</Filter>
    </QtMoc>
  </ItemGroup>
  <ItemGroup>
    <ClCompile Include="main.cpp">
      <Filter>Source Files</Filter>
    </ClCompile>
    <ClCompile Include="ui_mainWidget.cpp">
      <Filter>Source Files</Filter>
    </ClCompile>
    <ClCompile Include="key.cpp">
      <Filter>Source Files</Filter>
    </ClCompile>
    <ClCompile Include="keyboard.cpp">
      <Filter>Source Files</Filter>
    </ClCompile>
    <ClCompile Include="gamemodeBase.cpp">
      <Filter>Source Files\gamemode</Filter>
    </ClCompile>
    <ClCompile Include="stageMode.cpp">
      <Filter>Source Files\gamemode</Filter>
    </ClCompile>
    <ClCompile Include="endlessMode.cpp">
      <Filter>Source Files\gamemode</Filter>
    </ClCompile>
    <ClCompile Include="fallingMode.cpp">
      <Filter>Source Files\gamemode</Filter>
    </ClCompile>
  </ItemGroup>
  <ItemGroup>
    <ClInclude Include="ui_mainWidget.h">
      <Filter>Header Files</Filter>
    </ClInclude>
    <ClInclude Include="keyboard.h">
      <Filter>Header Files</Filter>
    </ClInclude>
    <ClInclude Include="key.h">
      <Filter>Header Files</Filter>
    </ClInclude>
    <ClInclude Include="stageMode.h">
      <Filter>Header Files\gamemode</Filter>
    </ClInclude>
    <ClInclude Include="endlessMode.h">
      <Filter>Header Files\gamemode</Filter>
    </ClInclude>
    <ClInclude Include="stdafx.h">
      <Filter>Header Files</Filter>
    </ClInclude>
  </ItemGroup>
  <ItemGroup>
    <None Include="README.md">
      <Filter>Description Files</Filter>
    </None>
    <None Include="changelog.md">
      <Filter>Description Files</Filter>
    </None>
    <None Include="keys">
      <Filter>Resource Files</Filter>
    </None>
    <None Include="settings.ini">
      <Filter>Resource Files</Filter>
    </None>
    <None Include="getUpdate.py">
      <Filter>python Files</Filter>
    </None>
  </ItemGroup>
  <ItemGroup>
    <Text Include="letters">
      <Filter>Resource Files</Filter>
    </Text>
  </ItemGroup>
</Project>